
Microsoft Visual Studio Solution File, Format Version 12.00
# Visual Studio Version 16
VisualStudioVersion = 25.0.1705.4
MinimumVisualStudioVersion = 10.0.40219.1
Project("{FAE04EC0-301F-11D3-BF4B-00C04F79EFBC}") = "01.Sign of Integer Number", "Methods Exercises(Fundamentals)\01.Sign of Integer Number.csproj", "{7D9257A9-F56E-4D58-BE34-8E164617F611}"
EndProject
Project("{FAE04EC0-301F-11D3-BF4B-00C04F79EFBC}") = "02.Grades", "02.Grades\02.Grades.csproj", "{A13956C9-972B-47CF-8B56-D7CA1431C33C}"
EndProject
Project("{FAE04EC0-301F-11D3-BF4B-00C04F79EFBC}") = "03.Calculations", "03.Calculations\03.Calculations.csproj", "{3BA86895-65F0-44C5-80CA-3E93F0AB1BD9}"
EndProject
Project("{FAE04EC0-301F-11D3-BF4B-00C04F79EFBC}") = "04.Printing Triangle", "04.Printing Triangle\04.Printing Triangle.csproj", "{32A2E947-0A8E-41CD-9BDF-9ADB2EEDD766}"
EndProject
Project("{FAE04EC0-301F-11D3-BF4B-00C04F79EFBC}") = "05.Orders", "05.Orders\05.Orders.csproj", "{C5F35192-4E57-417F-905B-2FA35925129B}"
EndProject
Project("{FAE04EC0-301F-11D3-BF4B-00C04F79EFBC}") = "06.Calculate Rectangle Area", "06.Calculate Rectangle Area\06.Calculate Rectangle Area.csproj", "{1A664195-89CA-46C5-B44B-2DDDA8B59AD3}"
EndProject
Project("{FAE04EC0-301F-11D3-BF4B-00C04F79EFBC}") = "07.Repeat String", "07.Repeat String\07.Repeat String.csproj", "{D54D175F-AEA7-4DFE-B2DC-F4C36DB5F1D6}"
EndProject
Project("{FAE04EC0-301F-11D3-BF4B-00C04F79EFBC}") = "08.Math Power", "08.Math Power\08.Math Power.csproj", "{862A67C4-DD4D-4DA6-975A-0C75E2DDAE70}"
EndProject
Project("{FAE04EC0-301F-11D3-BF4B-00C04F79EFBC}") = "09. Greater of Two Values", "09.\09. Greater of Two Values.csproj", "{42F44864-D1AE-4008-B48A-8C185E71F329}"
EndProject
Project("{FAE04EC0-301F-11D3-BF4B-00C04F79EFBC}") = "10.Multiply Evens by Odds", "10.Multiply Evens by Odds\10.Multiply Evens by Odds.csproj", "{52257395-A539-40F5-B433-F74FB32E91E1}"
EndProject
Global
	GlobalSection(SolutionConfigurationPlatforms) = preSolution
		Debug|Any CPU = Debug|Any CPU
		Release|Any CPU = Release|Any CPU
	EndGlobalSection
	GlobalSection(ProjectConfigurationPlatforms) = postSolution
		{7D9257A9-F56E-4D58-BE34-8E164617F611}.Debug|Any CPU.ActiveCfg = Debug|Any CPU
		{7D9257A9-F56E-4D58-BE34-8E164617F611}.Debug|Any CPU.Build.0 = Debug|Any CPU
		{7D9257A9-F56E-4D58-BE34-8E164617F611}.Release|Any CPU.ActiveCfg = Release|Any CPU
		{7D9257A9-F56E-4D58-BE34-8E164617F611}.Release|Any CPU.Build.0 = Release|Any CPU
		{A13956C9-972B-47CF-8B56-D7CA1431C33C}.Debug|Any CPU.ActiveCfg = Debug|Any CPU
		{A13956C9-972B-47CF-8B56-D7CA1431C33C}.Debug|Any CPU.Build.0 = Debug|Any CPU
		{A13956C9-972B-47CF-8B56-D7CA1431C33C}.Release|Any CPU.ActiveCfg = Release|Any CPU
		{A13956C9-972B-47CF-8B56-D7CA1431C33C}.Release|Any CPU.Build.0 = Release|Any CPU
		{3BA86895-65F0-44C5-80CA-3E93F0AB1BD9}.Debug|Any CPU.ActiveCfg = Debug|Any CPU
		{3BA86895-65F0-44C5-80CA-3E93F0AB1BD9}.Debug|Any CPU.Build.0 = Debug|Any CPU
		{3BA86895-65F0-44C5-80CA-3E93F0AB1BD9}.Release|Any CPU.ActiveCfg = Release|Any CPU
		{3BA86895-65F0-44C5-80CA-3E93F0AB1BD9}.Release|Any CPU.Build.0 = Release|Any CPU
		{32A2E947-0A8E-41CD-9BDF-9ADB2EEDD766}.Debug|Any CPU.ActiveCfg = Debug|Any CPU
		{32A2E947-0A8E-41CD-9BDF-9ADB2EEDD766}.Debug|Any CPU.Build.0 = Debug|Any CPU
		{32A2E947-0A8E-41CD-9BDF-9ADB2EEDD766}.Release|Any CPU.ActiveCfg = Release|Any CPU
		{32A2E947-0A8E-41CD-9BDF-9ADB2EEDD766}.Release|Any CPU.Build.0 = Release|Any CPU
		{C5F35192-4E57-417F-905B-2FA35925129B}.Debug|Any CPU.ActiveCfg = Debug|Any CPU
		{C5F35192-4E57-417F-905B-2FA35925129B}.Debug|Any CPU.Build.0 = Debug|Any CPU
		{C5F35192-4E57-417F-905B-2FA35925129B}.Release|Any CPU.ActiveCfg = Release|Any CPU
		{C5F35192-4E57-417F-905B-2FA35925129B}.Release|Any CPU.Build.0 = Release|Any CPU
		{1A664195-89CA-46C5-B44B-2DDDA8B59AD3}.Debug|Any CPU.ActiveCfg = Debug|Any CPU
		{1A664195-89CA-46C5-B44B-2DDDA8B59AD3}.Debug|Any CPU.Build.0 = Debug|Any CPU
		{1A664195-89CA-46C5-B44B-2DDDA8B59AD3}.Release|Any CPU.ActiveCfg = Release|Any CPU
		{1A664195-89CA-46C5-B44B-2DDDA8B59AD3}.Release|Any CPU.Build.0 = Release|Any CPU
		{D54D175F-AEA7-4DFE-B2DC-F4C36DB5F1D6}.Debug|Any CPU.ActiveCfg = Debug|Any CPU
		{D54D175F-AEA7-4DFE-B2DC-F4C36DB5F1D6}.Debug|Any CPU.Build.0 = Debug|Any CPU
		{D54D175F-AEA7-4DFE-B2DC-F4C36DB5F1D6}.Release|Any CPU.ActiveCfg = Release|Any CPU
		{D54D175F-AEA7-4DFE-B2DC-F4C36DB5F1D6}.Release|Any CPU.Build.0 = Release|Any CPU
		{862A67C4-DD4D-4DA6-975A-0C75E2DDAE70}.Debug|Any CPU.ActiveCfg = Debug|Any CPU
		{862A67C4-DD4D-4DA6-975A-0C75E2DDAE70}.Debug|Any CPU.Build.0 = Debug|Any CPU
		{862A67C4-DD4D-4DA6-975A-0C75E2DDAE70}.Release|Any CPU.ActiveCfg = Release|Any CPU
		{862A67C4-DD4D-4DA6-975A-0C75E2DDAE70}.Release|Any CPU.Build.0 = Release|Any CPU
		{42F44864-D1AE-4008-B48A-8C185E71F329}.Debug|Any CPU.ActiveCfg = Debug|Any CPU
		{42F44864-D1AE-4008-B48A-8C185E71F329}.Debug|Any CPU.Build.0 = Debug|Any CPU
		{42F44864-D1AE-4008-B48A-8C185E71F329}.Release|Any CPU.ActiveCfg = Release|Any CPU
		{42F44864-D1AE-4008-B48A-8C185E71F329}.Release|Any CPU.Build.0 = Release|Any CPU
		{52257395-A539-40F5-B433-F74FB32E91E1}.Debug|Any CPU.ActiveCfg = Debug|Any CPU
		{52257395-A539-40F5-B433-F74FB32E91E1}.Debug|Any CPU.Build.0 = Debug|Any CPU
		{52257395-A539-40F5-B433-F74FB32E91E1}.Release|Any CPU.ActiveCfg = Release|Any CPU
		{52257395-A539-40F5-B433-F74FB32E91E1}.Release|Any CPU.Build.0 = Release|Any CPU
	EndGlobalSection
	GlobalSection(SolutionProperties) = preSolution
		HideSolutionNode = FALSE
	EndGlobalSection
	GlobalSection(ExtensibilityGlobals) = postSolution
		SolutionGuid = {9A506CF8-4491-4E2C-96B0-F85DCF9B8AE7}
	EndGlobalSection
EndGlobal
